
Microsoft Visual Studio Solution File, Format Version 12.00
# Visual Studio Version 17
VisualStudioVersion = 17.0.31825.309
MinimumVisualStudioVersion = 10.0.40219.1
Project("{9A19103F-16F7-4668-BE54-9A1E7A4F7556}") = "Suballocation", "Suballocation\Suballocation.csproj", "{75397C70-C77C-4E4C-997C-72A642C1A6C6}"
EndProject
Project("{9A19103F-16F7-4668-BE54-9A1E7A4F7556}") = "Sandbox", "Sandbox\Sandbox.csproj", "{AE496650-6B68-46C0-8E01-C5A5991F6ADA}"
EndProject
Project("{9A19103F-16F7-4668-BE54-9A1E7A4F7556}") = "PerfTest", "PerfTest\PerfTest.csproj", "{44490B79-459A-45D7-900A-E1B7820D9A3D}"
EndProject
Project("{FAE04EC0-301F-11D3-BF4B-00C04F79EFBC}") = "Suballocation.NUnit", "Suballocation.NUnit\Suballocation.NUnit.csproj", "{F03597A7-A0AE-4160-B863-799CE48F1CD8}"
EndProject
Global
	GlobalSection(SolutionConfigurationPlatforms) = preSolution
		Debug|Any CPU = Debug|Any CPU
		Release|Any CPU = Release|Any CPU
	EndGlobalSection
	GlobalSection(ProjectConfigurationPlatforms) = postSolution
		{75397C70-C77C-4E4C-997C-72A642C1A6C6}.Debug|Any CPU.ActiveCfg = Debug|Any CPU
		{75397C70-C77C-4E4C-997C-72A642C1A6C6}.Debug|Any CPU.Build.0 = Debug|Any CPU
		{75397C70-C77C-4E4C-997C-72A642C1A6C6}.Release|Any CPU.ActiveCfg = Release|Any CPU
		{75397C70-C77C-4E4C-997C-72A642C1A6C6}.Release|Any CPU.Build.0 = Release|Any CPU
		{AE496650-6B68-46C0-8E01-C5A5991F6ADA}.Debug|Any CPU.ActiveCfg = Debug|Any CPU
		{AE496650-6B68-46C0-8E01-C5A5991F6ADA}.Debug|Any CPU.Build.0 = Debug|Any CPU
		{AE496650-6B68-46C0-8E01-C5A5991F6ADA}.Release|Any CPU.ActiveCfg = Release|Any CPU
		{AE496650-6B68-46C0-8E01-C5A5991F6ADA}.Release|Any CPU.Build.0 = Release|Any CPU
		{44490B79-459A-45D7-900A-E1B7820D9A3D}.Debug|Any CPU.ActiveCfg = Debug|Any CPU
		{44490B79-459A-45D7-900A-E1B7820D9A3D}.Debug|Any CPU.Build.0 = Debug|Any CPU
		{44490B79-459A-45D7-900A-E1B7820D9A3D}.Release|Any CPU.ActiveCfg = Release|Any CPU
		{44490B79-459A-45D7-900A-E1B7820D9A3D}.Release|Any CPU.Build.0 = Release|Any CPU
		{F03597A7-A0AE-4160-B863-799CE48F1CD8}.Debug|Any CPU.ActiveCfg = Debug|Any CPU
		{F03597A7-A0AE-4160-B863-799CE48F1CD8}.Debug|Any CPU.Build.0 = Debug|Any CPU
		{F03597A7-A0AE-4160-B863-799CE48F1CD8}.Release|Any CPU.ActiveCfg = Release|Any CPU
		{F03597A7-A0AE-4160-B863-799CE48F1CD8}.Release|Any CPU.Build.0 = Release|Any CPU
	EndGlobalSection
	GlobalSection(SolutionProperties) = preSolution
		HideSolutionNode = FALSE
	EndGlobalSection
	GlobalSection(ExtensibilityGlobals) = postSolution
		SolutionGuid = {A26A45B1-B2F9-4FEA-AFB4-3802898E9060}
	EndGlobalSection
EndGlobal
